# THIS IS AN AUTOGENERATED FILE. DO NOT EDIT THIS FILE DIRECTLY.
# yarn lockfile v1


"@babel/runtime@^7.7.6":
  version "7.22.6"
  resolved "https://registry.yarnpkg.com/@babel/runtime/-/runtime-7.22.6.tgz#57d64b9ae3cff1d67eb067ae117dac087f5bd438"
  integrity sha512-wDb5pWm4WDdF6LFUde3Jl8WzPA+3ZbxYqkC6xAXuD3irdEHN1k0NfTRrJD8ZD378SJ61miMLCqIOXYhd8x+AJQ==
  dependencies:
    regenerator-runtime "^0.13.11"

"@esbuild/android-arm64@0.18.13":
  version "0.18.13"
  resolved "https://registry.yarnpkg.com/@esbuild/android-arm64/-/android-arm64-0.18.13.tgz#70ef455455654c7800c31ae55ae295d81712238c"
  integrity sha512-j7NhycJUoUAG5kAzGf4fPWfd17N6SM3o1X6MlXVqfHvs2buFraCJzos9vbeWjLxOyBKHyPOnuCuipbhvbYtTAg==

"@esbuild/android-arm@0.18.13":
  version "0.18.13"
  resolved "https://registry.yarnpkg.com/@esbuild/android-arm/-/android-arm-0.18.13.tgz#15db83099855fc4193658a40687893ee5c95d7a9"
  integrity sha512-KwqFhxRFMKZINHzCqf8eKxE0XqWlAVPRxwy6rc7CbVFxzUWB2sA/s3hbMZeemPdhN3fKBkqOaFhTbS8xJXYIWQ==

"@esbuild/android-x64@0.18.13":
  version "0.18.13"
  resolved "https://registry.yarnpkg.com/@esbuild/android-x64/-/android-x64-0.18.13.tgz#473d589219e1c06e305cf61ca77b8f69d9b6ffab"
  integrity sha512-M2eZkRxR6WnWfVELHmv6MUoHbOqnzoTVSIxgtsyhm/NsgmL+uTmag/VVzdXvmahak1I6sOb1K/2movco5ikDJg==

"@esbuild/darwin-arm64@0.18.13":
  version "0.18.13"
  resolved "https://registry.yarnpkg.com/@esbuild/darwin-arm64/-/darwin-arm64-0.18.13.tgz#0f525b2c1821a0591a06963582e5dc749ba51d45"
  integrity sha512-f5goG30YgR1GU+fxtaBRdSW3SBG9pZW834Mmhxa6terzcboz7P2R0k4lDxlkP7NYRIIdBbWp+VgwQbmMH4yV7w==

"@esbuild/darwin-x64@0.18.13":
  version "0.18.13"
  resolved "https://registry.yarnpkg.com/@esbuild/darwin-x64/-/darwin-x64-0.18.13.tgz#81965b690bae86bf1289b2ce0732506fd41fb545"
  integrity sha512-RIrxoKH5Eo+yE5BtaAIMZaiKutPhZjw+j0OCh8WdvKEKJQteacq0myZvBDLU+hOzQOZWJeDnuQ2xgSScKf1Ovw==

"@esbuild/freebsd-arm64@0.18.13":
  version "0.18.13"
  resolved "https://registry.yarnpkg.com/@esbuild/freebsd-arm64/-/freebsd-arm64-0.18.13.tgz#895bb37fdea886db09549119158e044f146861f0"
  integrity sha512-AfRPhHWmj9jGyLgW/2FkYERKmYR+IjYxf2rtSLmhOrPGFh0KCETFzSjx/JX/HJnvIqHt/DRQD/KAaVsUKoI3Xg==

"@esbuild/freebsd-x64@0.18.13":
  version "0.18.13"
  resolved "https://registry.yarnpkg.com/@esbuild/freebsd-x64/-/freebsd-x64-0.18.13.tgz#0b1dfde3ff1b18f03f71e460f91dc463e6a23903"
  integrity sha512-pGzWWZJBInhIgdEwzn8VHUBang8UvFKsvjDkeJ2oyY5gZtAM6BaxK0QLCuZY+qoj/nx/lIaItH425rm/hloETA==

"@esbuild/linux-arm64@0.18.13":
  version "0.18.13"
  resolved "https://registry.yarnpkg.com/@esbuild/linux-arm64/-/linux-arm64-0.18.13.tgz#350febed5d32d8ec1a424a4c4d7c9ba885604960"
  integrity sha512-hCzZbVJEHV7QM77fHPv2qgBcWxgglGFGCxk6KfQx6PsVIdi1u09X7IvgE9QKqm38OpkzaAkPnnPqwRsltvLkIQ==

"@esbuild/linux-arm@0.18.13":
  version "0.18.13"
  resolved "https://registry.yarnpkg.com/@esbuild/linux-arm/-/linux-arm-0.18.13.tgz#47639d73d894026350eaccf7c174f1d26b747d6a"
  integrity sha512-4iMxLRMCxGyk7lEvkkvrxw4aJeC93YIIrfbBlUJ062kilUUnAiMb81eEkVvCVoh3ON283ans7+OQkuy1uHW+Hw==

"@esbuild/linux-ia32@0.18.13":
  version "0.18.13"
  resolved "https://registry.yarnpkg.com/@esbuild/linux-ia32/-/linux-ia32-0.18.13.tgz#a901a16349c58bf6f873bced36bdf46a5f4dac5d"
  integrity sha512-I3OKGbynl3AAIO6onXNrup/ttToE6Rv2XYfFgLK/wnr2J+1g+7k4asLrE+n7VMhaqX+BUnyWkCu27rl+62Adug==

"@esbuild/linux-loong64@0.18.13":
  version "0.18.13"
  resolved "https://registry.yarnpkg.com/@esbuild/linux-loong64/-/linux-loong64-0.18.13.tgz#faa08db402c18e351234719e00aba98867aa34ce"
  integrity sha512-8pcKDApAsKc6WW51ZEVidSGwGbebYw2qKnO1VyD8xd6JN0RN6EUXfhXmDk9Vc4/U3Y4AoFTexQewQDJGsBXBpg==

"@esbuild/linux-mips64el@0.18.13":
  version "0.18.13"
  resolved "https://registry.yarnpkg.com/@esbuild/linux-mips64el/-/linux-mips64el-0.18.13.tgz#2123a54b49ddc1a1dff057bba8a9a5e9f26e5009"
  integrity sha512-6GU+J1PLiVqWx8yoCK4Z0GnfKyCGIH5L2KQipxOtbNPBs+qNDcMJr9euxnyJ6FkRPyMwaSkjejzPSISD9hb+gg==

"@esbuild/linux-ppc64@0.18.13":
  version "0.18.13"
  resolved "https://registry.yarnpkg.com/@esbuild/linux-ppc64/-/linux-ppc64-0.18.13.tgz#9a9befd275a6a3f5baeed89aaafb746df7ba735d"
  integrity sha512-pfn/OGZ8tyR8YCV7MlLl5hAit2cmS+j/ZZg9DdH0uxdCoJpV7+5DbuXrR+es4ayRVKIcfS9TTMCs60vqQDmh+w==

"@esbuild/linux-riscv64@0.18.13":
  version "0.18.13"
  resolved "https://registry.yarnpkg.com/@esbuild/linux-riscv64/-/linux-riscv64-0.18.13.tgz#6644a5b5840fa0c3ffade6f87d943413ece520a8"
  integrity sha512-aIbhU3LPg0lOSCfVeGHbmGYIqOtW6+yzO+Nfv57YblEK01oj0mFMtvDJlOaeAZ6z0FZ9D13oahi5aIl9JFphGg==

"@esbuild/linux-s390x@0.18.13":
  version "0.18.13"
  resolved "https://registry.yarnpkg.com/@esbuild/linux-s390x/-/linux-s390x-0.18.13.tgz#c1367a0a02b37f6b0382e71d9c9d97352ca23013"
  integrity sha512-Pct1QwF2sp+5LVi4Iu5Y+6JsGaV2Z2vm4O9Dd7XZ5tKYxEHjFtb140fiMcl5HM1iuv6xXO8O1Vrb1iJxHlv8UA==

"@esbuild/linux-x64@0.18.13":
  version "0.18.13"
  resolved "https://registry.yarnpkg.com/@esbuild/linux-x64/-/linux-x64-0.18.13.tgz#892674f0918ee3f5e523270cf49a69a557fb64c0"
  integrity sha512-zTrIP0KzYP7O0+3ZnmzvUKgGtUvf4+piY8PIO3V8/GfmVd3ZyHJGz7Ht0np3P1wz+I8qJ4rjwJKqqEAbIEPngA==

"@esbuild/netbsd-x64@0.18.13":
  version "0.18.13"
  resolved "https://registry.yarnpkg.com/@esbuild/netbsd-x64/-/netbsd-x64-0.18.13.tgz#67954292195ecbdae33ab09a9ae6a7f566e49d04"
  integrity sha512-I6zs10TZeaHDYoGxENuksxE1sxqZpCp+agYeW039yqFwh3MgVvdmXL5NMveImOC6AtpLvE4xG5ujVic4NWFIDQ==

"@esbuild/openbsd-x64@0.18.13":
  version "0.18.13"
  resolved "https://registry.yarnpkg.com/@esbuild/openbsd-x64/-/openbsd-x64-0.18.13.tgz#b3eef873dfab547fbe7bcdb3573e1c59dea676b7"
  integrity sha512-W5C5nczhrt1y1xPG5bV+0M12p2vetOGlvs43LH8SopQ3z2AseIROu09VgRqydx5qFN7y9qCbpgHLx0kb0TcW7g==

"@esbuild/sunos-x64@0.18.13":
  version "0.18.13"
  resolved "https://registry.yarnpkg.com/@esbuild/sunos-x64/-/sunos-x64-0.18.13.tgz#b368080f42dbb5ae926d0567c02bcd68a34c5efd"
  integrity sha512-X/xzuw4Hzpo/yq3YsfBbIsipNgmsm8mE/QeWbdGdTTeZ77fjxI2K0KP3AlhZ6gU3zKTw1bKoZTuKLnqcJ537qw==

"@esbuild/win32-arm64@0.18.13":
  version "0.18.13"
  resolved "https://registry.yarnpkg.com/@esbuild/win32-arm64/-/win32-arm64-0.18.13.tgz#11dedda0e8cfb5f781411ea362b2040304be0fc3"
  integrity sha512-4CGYdRQT/ILd+yLLE5i4VApMPfGE0RPc/wFQhlluDQCK09+b4JDbxzzjpgQqTPrdnP7r5KUtGVGZYclYiPuHrw==

"@esbuild/win32-ia32@0.18.13":
  version "0.18.13"
  resolved "https://registry.yarnpkg.com/@esbuild/win32-ia32/-/win32-ia32-0.18.13.tgz#6b8aa95515c05827b7c24c9db9581943566e0dcb"
  integrity sha512-D+wKZaRhQI+MUGMH+DbEr4owC2D7XnF+uyGiZk38QbgzLcofFqIOwFs7ELmIeU45CQgfHNy9Q+LKW3cE8g37Kg==

"@esbuild/win32-x64@0.18.13":
  version "0.18.13"
  resolved "https://registry.yarnpkg.com/@esbuild/win32-x64/-/win32-x64-0.18.13.tgz#031f69b1f4cf62a18c38d502458c0b8b02625461"
  integrity sha512-iVl6lehAfJS+VmpF3exKpNQ8b0eucf5VWfzR8S7xFve64NBNz2jPUgx1X93/kfnkfgP737O+i1k54SVQS7uVZA==

"@types/chrome@^0.0.241":
  version "0.0.241"
  resolved "https://registry.yarnpkg.com/@types/chrome/-/chrome-0.0.241.tgz#c6274ef2377ace4e67713591aacc13d8e6c1dca6"
  integrity sha512-3WxC2D8zhyDnCU1GxyznoyUulLH6ReLWUWQm5LSM7S1rvV9w+k8TUNbWrFavk6zz2E1ws05lNawnSa7rK5kY8Q==
  dependencies:
    "@types/filesystem" "*"
    "@types/har-format" "*"

"@types/filesystem@*":
  version "0.0.32"
  resolved "https://registry.yarnpkg.com/@types/filesystem/-/filesystem-0.0.32.tgz#307df7cc084a2293c3c1a31151b178063e0a8edf"
  integrity sha512-Yuf4jR5YYMR2DVgwuCiP11s0xuVRyPKmz8vo6HBY3CGdeMj8af93CFZX+T82+VD1+UqHOxTq31lO7MI7lepBtQ==
  dependencies:
    "@types/filewriter" "*"

"@types/filewriter@*":
  version "0.0.29"
  resolved "https://registry.yarnpkg.com/@types/filewriter/-/filewriter-0.0.29.tgz#a48795ecadf957f6c0d10e0c34af86c098fa5bee"
  integrity sha512-BsPXH/irW0ht0Ji6iw/jJaK8Lj3FJemon2gvEqHKpCdDCeemHa+rI3WBGq5z7cDMZgoLjY40oninGxqk+8NzNQ==

"@types/har-format@*":
  version "1.2.11"
  resolved "https://registry.yarnpkg.com/@types/har-format/-/har-format-1.2.11.tgz#26aff34e9c782b2648cc45778abadcd930f7db43"
  integrity sha512-T232/TneofqK30AD1LRrrf8KnjLvzrjWDp7eWST5KoiSzrBfRsLrWDPk4STQPW4NZG6v2MltnduBVmakbZOBIQ==

"@types/js-cookie@^3.0.3":
  version "3.0.3"
  resolved "https://registry.yarnpkg.com/@types/js-cookie/-/js-cookie-3.0.3.tgz#d6bfbbdd0c187354ca555213d1962f6d0691ff4e"
  integrity sha512-Xe7IImK09HP1sv2M/aI+48a20VX+TdRJucfq4vfRVy6nWN8PYPOEnlMRSgxJAgYQIXJVL8dZ4/ilAM7dWNaOww==

esbuild@^0.18.13:
  version "0.18.13"
  resolved "https://registry.yarnpkg.com/esbuild/-/esbuild-0.18.13.tgz#59160add6c3420947fe008238140ed3480baf817"
  integrity sha512-vhg/WR/Oiu4oUIkVhmfcc23G6/zWuEQKFS+yiosSHe4aN6+DQRXIfeloYGibIfVhkr4wyfuVsGNLr+sQU1rWWw==
  optionalDependencies:
    "@esbuild/android-arm" "0.18.13"
    "@esbuild/android-arm64" "0.18.13"
    "@esbuild/android-x64" "0.18.13"
    "@esbuild/darwin-arm64" "0.18.13"
    "@esbuild/darwin-x64" "0.18.13"
    "@esbuild/freebsd-arm64" "0.18.13"
    "@esbuild/freebsd-x64" "0.18.13"
    "@esbuild/linux-arm" "0.18.13"
    "@esbuild/linux-arm64" "0.18.13"
    "@esbuild/linux-ia32" "0.18.13"
    "@esbuild/linux-loong64" "0.18.13"
    "@esbuild/linux-mips64el" "0.18.13"
    "@esbuild/linux-ppc64" "0.18.13"
    "@esbuild/linux-riscv64" "0.18.13"
    "@esbuild/linux-s390x" "0.18.13"
    "@esbuild/linux-x64" "0.18.13"
    "@esbuild/netbsd-x64" "0.18.13"
    "@esbuild/openbsd-x64" "0.18.13"
    "@esbuild/sunos-x64" "0.18.13"
    "@esbuild/win32-arm64" "0.18.13"
    "@esbuild/win32-ia32" "0.18.13"
    "@esbuild/win32-x64" "0.18.13"

history@^5.3.0:
  version "5.3.0"
  resolved "https://registry.yarnpkg.com/history/-/history-5.3.0.tgz#1548abaa245ba47992f063a0783db91ef201c73b"
  integrity sha512-ZqaKwjjrAYUYfLG+htGaIIZ4nioX2L70ZUMIFysS3xvBsSG4x/n1V6TXV3N8ZYNuFGlDirFg32T7B6WOUPDYcQ==
  dependencies:
    "@babel/runtime" "^7.7.6"

js-cookie@^3.0.5:
  version "3.0.5"
  resolved "https://registry.yarnpkg.com/js-cookie/-/js-cookie-3.0.5.tgz#0b7e2fd0c01552c58ba86e0841f94dc2557dcdbc"
  integrity sha512-cEiJEAEoIbWfCZYKWhVwFuvPX1gETRYPw6LlaTKoxD3s2AkXzkCjnp6h0V77ozyqj0jakteJ4YqDJT830+lVGw==

prettier@^3.0.0:
  version "3.0.0"
  resolved "https://registry.yarnpkg.com/prettier/-/prettier-3.0.0.tgz#e7b19f691245a21d618c68bc54dc06122f6105ae"
  integrity sha512-zBf5eHpwHOGPC47h0zrPyNn+eAEIdEzfywMoYn2XPi0P44Zp0tSq64rq0xAREh4auw2cJZHo9QUob+NqCQky4g==

regenerator-runtime@^0.13.11:
  version "0.13.11"
  resolved "https://registry.yarnpkg.com/regenerator-runtime/-/regenerator-runtime-0.13.11.tgz#f6dca3e7ceec20590d07ada785636a90cdca17f9"
  integrity sha512-kY1AZVr2Ra+t+piVaJ4gxaFaReZVH40AKNo7UCX6W+dEwBo/2oZJzqfuN1qLq1oL45o56cPaTXELwrTh8Fpggg==
